
Microsoft Visual Studio Solution File, Format Version 12.00
# Visual Studio Version 16
VisualStudioVersion = 16.0.30711.63
MinimumVisualStudioVersion = 10.0.40219.1
Project("{FAE04EC0-301F-11D3-BF4B-00C04F79EFBC}") = "WpfAppEx7", "WpfAppEx7.csproj", "{68C87270-C116-4E94-B78C-8EDB09F513A7}"
EndProject
Global
	GlobalSection(SolutionConfigurationPlatforms) = preSolution
		Debug|Any CPU = Debug|Any CPU
		Release|Any CPU = Release|Any CPU
	EndGlobalSection
	GlobalSection(ProjectConfigurationPlatforms) = postSolution
		{68C87270-C116-4E94-B78C-8EDB09F513A7}.Debug|Any CPU.ActiveCfg = Debug|Any CPU
		{68C87270-C116-4E94-B78C-8EDB09F513A7}.Debug|Any CPU.Build.0 = Debug|Any CPU
		{68C87270-C116-4E94-B78C-8EDB09F513A7}.Release|Any CPU.ActiveCfg = Release|Any CPU
		{68C87270-C116-4E94-B78C-8EDB09F513A7}.Release|Any CPU.Build.0 = Release|Any CPU
	EndGlobalSection
	GlobalSection(SolutionProperties) = preSolution
		HideSolutionNode = FALSE
	EndGlobalSection
	GlobalSection(ExtensibilityGlobals) = postSolution
		SolutionGuid = {3C408795-6537-4F21-BEEF-1FCE90B975E2}
	EndGlobalSection
EndGlobal
